
Microsoft Visual Studio Solution File, Format Version 12.00
# Visual Studio Version 17
VisualStudioVersion = 17.10.34928.147
MinimumVisualStudioVersion = 10.0.40219.1
Project("{FAE04EC0-301F-11D3-BF4B-00C04F79EFBC}") = "Pharmacy Management System", "Pharmacy Management System.csproj", "{989007CA-D67C-400A-B0A5-E64E9E4B5CE3}"
EndProject
Global
	GlobalSection(SolutionConfigurationPlatforms) = preSolution
		Debug|Any CPU = Debug|Any CPU
		Release|Any CPU = Release|Any CPU
	EndGlobalSection
	GlobalSection(ProjectConfigurationPlatforms) = postSolution
		{989007CA-D67C-400A-B0A5-E64E9E4B5CE3}.Debug|Any CPU.ActiveCfg = Debug|Any CPU
		{989007CA-D67C-400A-B0A5-E64E9E4B5CE3}.Debug|Any CPU.Build.0 = Debug|Any CPU
		{989007CA-D67C-400A-B0A5-E64E9E4B5CE3}.Release|Any CPU.ActiveCfg = Release|Any CPU
		{989007CA-D67C-400A-B0A5-E64E9E4B5CE3}.Release|Any CPU.Build.0 = Release|Any CPU
	EndGlobalSection
	GlobalSection(SolutionProperties) = preSolution
		HideSolutionNode = FALSE
	EndGlobalSection
	GlobalSection(ExtensibilityGlobals) = postSolution
		SolutionGuid = {F9BA9CC1-99BA-4293-BCD3-14D5A4783F34}
	EndGlobalSection
EndGlobal
